# This file was autogenerated by Stack.
# You should not edit this file by hand.
# For more information, please see the documentation at:
#   https://docs.haskellstack.org/en/stable/lock_files

packages:
- completed:
    commit: ace685bf339863ab2575f10e54a086fd8945499e
    git: https://github.com/diqye/appm.git
    name: appm
    pantry-tree:
      sha256: a3e535c87fc6e886d246eb9bd542dc834020fc5c371067052a50c2655cda6477
      size: 1392
    version: 0.1.0.0
  original:
    commit: ace685bf339863ab2575f10e54a086fd8945499e
    git: https://github.com/diqye/appm.git
- completed:
    hackage: HDBC-sqlite3-2.3.3.1@sha256:5025fd94d02b9b3f0b8b8233796dd9a85a0b3dda6503c6e671e3eddbc51cb4d4,2424
    pantry-tree:
      sha256: 76e71f73502350ed3fe5fc64604a21a3c8027d49fe6846183d53dbdaf583437a
      size: 1427
  original:
    hackage: HDBC-sqlite3-2.3.3.1
snapshots:
- completed:
    sha256: b37c0abab16c7de352c45b85f8ecc8530b084209a2c42987a96c92b4a5e3cd65
    size: 648924
    url: https://raw.githubusercontent.com/commercialhaskell/stackage-snapshots/master/lts/20/13.yaml
  original: lts-20.13
